
Microsoft Visual Studio Solution File, Format Version 12.00
# Visual Studio 15
VisualStudioVersion = 15.0.27703.2042
MinimumVisualStudioVersion = 10.0.40219.1
Project("{FAE04EC0-301F-11D3-BF4B-00C04F79EFBC}") = "UrJTAG-GUI", "gui\UrJTAG-GUI.csproj", "{08FDED16-8FBD-4A3F-B2A8-666C71B28C41}"
EndProject
Project("{2150E333-8FDC-42A3-9474-1A3956D46DE8}") = "Solution Items", "Solution Items", "{92B8B20A-89D2-4F04-AFF5-A1E3DBCE349B}"
	ProjectSection(SolutionItems) = preProject
		..\.editorconfig = ..\.editorconfig
		..\CHANGELOG.md = ..\CHANGELOG.md
	EndProjectSection
EndProject
Project("{9A19103F-16F7-4668-BE54-9A1E7A4F7556}") = "UrJTAG-VSharp", "dll\UrJTAG-VSharp.csproj", "{A00425A8-EF3D-478D-857B-9782C5BE558F}"
EndProject
Global
	GlobalSection(SolutionConfigurationPlatforms) = preSolution
		Debug|x64 = Debug|x64
		Release|x64 = Release|x64
	EndGlobalSection
	GlobalSection(ProjectConfigurationPlatforms) = postSolution
		{08FDED16-8FBD-4A3F-B2A8-666C71B28C41}.Debug|x64.ActiveCfg = Debug|x64
		{08FDED16-8FBD-4A3F-B2A8-666C71B28C41}.Debug|x64.Build.0 = Debug|x64
		{08FDED16-8FBD-4A3F-B2A8-666C71B28C41}.Release|x64.ActiveCfg = Release|x64
		{08FDED16-8FBD-4A3F-B2A8-666C71B28C41}.Release|x64.Build.0 = Release|x64
		{A00425A8-EF3D-478D-857B-9782C5BE558F}.Debug|x64.ActiveCfg = Debug|x64
		{A00425A8-EF3D-478D-857B-9782C5BE558F}.Debug|x64.Build.0 = Debug|x64
		{A00425A8-EF3D-478D-857B-9782C5BE558F}.Release|x64.ActiveCfg = Release|x64
		{A00425A8-EF3D-478D-857B-9782C5BE558F}.Release|x64.Build.0 = Release|x64
	EndGlobalSection
	GlobalSection(SolutionProperties) = preSolution
		HideSolutionNode = FALSE
	EndGlobalSection
	GlobalSection(ExtensibilityGlobals) = postSolution
		SolutionGuid = {8726CDFE-0FB2-448E-8BEA-3A5AEEA4EE84}
	EndGlobalSection
EndGlobal
